<?xml version="1.0" encoding="utf-8"?>
<Project ToolsVersion="4.0" xmlns="http://schemas.microsoft.com/developer/msbuild/2003">
  <ItemGroup>
    <Filter Include="Source Files">
      <UniqueIdentifier>{4FC737F1-C7A5-4376-A066-2A32D752A2FF}</UniqueIdentifier>
      <Extensions>cpp;c;cc;cxx;def;odl;idl;hpj;bat;asm;asmx</Extensions>
    </Filter>
    <Filter Include="Header Files">
      <UniqueIdentifier>{93995380-89BD-4b04-88EB-625FBE52EBFB}</UniqueIdentifier>
      <Extensions>h;hh;hpp;hxx;hm;inl;inc;ipp;xsd</Extensions>
    </Filter>
    <Filter Include="Resource Files">
      <UniqueIdentifier>{67DA6AB6-F800-4c08-8B7A-83BB121AAD01}</UniqueIdentifier>
      <Extensions>rc;ico;cur;bmp;dlg;rc2;rct;bin;rgs;gif;jpg;jpeg;jpe;resx;tiff;tif;png;wav;mfcribbon-ms</Extensions>
    </Filter>
  </ItemGroup>
  <ItemGroup>
    <ClCompile Include="contest_2019.cpp">
      <Filter>Source Files</Filter>
    </ClCompile>
    <ClCompile Include="smart_pointer.cpp">
      <Filter>Source Files</Filter>
    </ClCompile>
    <ClCompile Include="string_test.cpp">
      <Filter>Source Files</Filter>
    </ClCompile>
    <ClCompile Include="tuple.cpp">
      <Filter>Source Files</Filter>
    </ClCompile>
    <ClCompile Include="list_test.cpp">
      <Filter>Source Files</Filter>
    </ClCompile>
    <ClCompile Include="memory_leaker.cpp">
      <Filter>Source Files</Filter>
    </ClCompile>
    <ClCompile Include="smart_pointer_test.cpp">
      <Filter>Source Files</Filter>
    </ClCompile>
    <ClCompile Include="lambda_test.cpp">
      <Filter>Source Files</Filter>
    </ClCompile>
    <ClCompile Include="move_test.cpp">
      <Filter>Source Files</Filter>
    </ClCompile>
    <ClCompile Include="forward.cpp">
      <Filter>Source Files</Filter>
    </ClCompile>
    <ClCompile Include="type_traits_test.cpp">
      <Filter>Source Files</Filter>
    </ClCompile>
    <ClCompile Include="item_26_avoid.cpp">
      <Filter>Source Files</Filter>
    </ClCompile>
    <ClCompile Include="item_10_enum.cpp">
      <Filter>Source Files</Filter>
    </ClCompile>
    <ClCompile Include="item_16_const_member.cpp">
      <Filter>Source Files</Filter>
    </ClCompile>
    <ClCompile Include="item_39_threads.cpp">
      <Filter>Source Files</Filter>
    </ClCompile>
    <ClCompile Include="item_35_task.cpp">
      <Filter>Source Files</Filter>
    </ClCompile>
    <ClCompile Include="result_of_test.cpp">
      <Filter>Source Files</Filter>
    </ClCompile>
    <ClCompile Include="da_option_test.cpp">
      <Filter>Source Files</Filter>
    </ClCompile>
    <ClCompile Include="da_moreparam.cpp">
      <Filter>Source Files</Filter>
    </ClCompile>
    <ClCompile Include="rvalue_test.cpp">
      <Filter>Source Files</Filter>
    </ClCompile>
    <ClCompile Include="da_lazy_test.cpp">
      <Filter>Source Files</Filter>
    </ClCompile>
    <ClCompile Include="item25_move_forwad.cpp">
      <Filter>Source Files</Filter>
    </ClCompile>
    <ClCompile Include="da_second.cpp">
      <Filter>Source Files</Filter>
    </ClCompile>
    <ClCompile Include="char_test.cpp">
      <Filter>Source Files</Filter>
    </ClCompile>
    <ClCompile Include="da_5_thread.cpp">
      <Filter>Source Files</Filter>
    </ClCompile>
    <ClCompile Include="da_5_condition_variable.cpp">
      <Filter>Source Files</Filter>
    </ClCompile>
  </ItemGroup>
  <ItemGroup>
    <ClInclude Include="stl_header.h">
      <Filter>Header Files</Filter>
    </ClInclude>
    <ClInclude Include="Timer.hpp">
      <Filter>Header Files</Filter>
    </ClInclude>
    <ClInclude Include="Widget.h">
      <Filter>Header Files</Filter>
    </ClInclude>
    <ClInclude Include="optional.hpp">
      <Filter>Header Files</Filter>
    </ClInclude>
    <ClInclude Include="Lazy.hpp">
      <Filter>Header Files</Filter>
    </ClInclude>
    <ClInclude Include="Any.hpp">
      <Filter>Header Files</Filter>
    </ClInclude>
    <ClInclude Include="type_name.h">
      <Filter>Header Files</Filter>
    </ClInclude>
    <ClInclude Include="ObjectPool.hpp">
      <Filter>Header Files</Filter>
    </ClInclude>
    <ClInclude Include="NonCopyable.hpp">
      <Filter>Header Files</Filter>
    </ClInclude>
    <ClInclude Include="SimpleSyncQueue.hpp">
      <Filter>Header Files</Filter>
    </ClInclude>
  </ItemGroup>
</Project>